{
	"name": "@node-dlc/logger",
	"version": "0.4.6",
	"lockfileVersion": 1,
	"requires": true,
	"dependencies": {
		"@node-lightning/bufio": {
			"version": "0.22.1",
			"resolved": "https://registry.npmjs.org/@node-lightning/bufio/-/bufio-0.22.1.tgz",
			"integrity": "sha512-RsVS8J20qGva2QFZTnFFH93g/fOQ+qBm9APtRQI2VP+oWSICIarWrery83m1GKTzZ1IjpWbiiC9PHwdk6DkSsg=="
		},
		"@node-lightning/logger": {
			"version": "0.22.1",
			"resolved": "https://registry.npmjs.org/@node-lightning/logger/-/logger-0.22.1.tgz",
			"integrity": "sha512-1hyxsHF0un2kxnh49eiLbYsj5v6CY9fCL/aG+lay57hNaE2UbvbW5mCx1FdoKS5Y9KBAG4pZu61RfBdr7Adhpg=="
		}
	}
}
