{
	"name": "@node-dlc/logger",
	"version": "0.20.1",
	"lockfileVersion": 1,
	"requires": true,
	"dependencies": {
		"@node-lightning/bufio": {
			"version": "0.26.1",
			"resolved": "https://registry.npmjs.org/@node-lightning/bufio/-/bufio-0.26.1.tgz",
			"integrity": "sha512-AxTALfvajmxa5uPz7oZ42acBP689SGAWhWmO311Rsyn2dq2f8WVqQ3uts08QZTTI0NpX4KRY4IVfgbsTUFcYRg=="
		},
		"@node-lightning/logger": {
			"version": "0.26.1",
			"resolved": "https://registry.npmjs.org/@node-lightning/logger/-/logger-0.26.1.tgz",
			"integrity": "sha512-rkP7h5g3j4OKyutBR5+3Bp+KsxmyKH6sfr9Rd2CKiE3xlsJP61F1yWSBTlk9qXySIdybkh7Q+uRIZUrxRZHkaQ=="
		}
	}
}
