{
  "name": "@node-dlc/chainmon",
  "version": "0.24.0",
  "lockfileVersion": 3,
  "requires": true,
  "packages": {
    "": {
      "name": "@node-dlc/chainmon",
      "version": "0.24.0",
      "license": "MIT",
      "dependencies": {
        "@node-dlc/bitcoin": "^0.24.0",
        "@node-dlc/bitcoind": "^0.24.0",
        "@node-dlc/logger": "^0.24.0",
        "bitcoinjs-lib": "6.1.7"
      },
      "devDependencies": {
        "@types/node": "18.11.9"
      }
    },
    "node_modules/@noble/hashes": {
      "version": "1.8.0",
      "resolved": "https://registry.npmjs.org/@noble/hashes/-/hashes-1.8.0.tgz",
      "integrity": "sha512-jCs9ldd7NwzpgXDIf6P3+NrHh9/sD6CQdxHyjQI+h/6rDNo88ypBxxz45UDuZHz9r3tNz7N/VInSVoVdtXEI4A==",
      "engines": {
        "node": "^14.21.3 || >=16"
      },
      "funding": {
        "url": "https://paulmillr.com/funding/"
      }
    },
    "node_modules/@node-dlc/bitcoin": {
      "version": "0.24.0",
      "resolved": "https://registry.npmjs.org/@node-dlc/bitcoin/-/bitcoin-0.24.0.tgz",
      "integrity": "sha512-Chn5eReGGVr1nu5o5qvPjj3NUrUOTfY/8hEyztTFqHAwmhSszH6WY1n6dm/g3nmyOyBMRuZW3WOyAZGbr9uB3g==",
      "dependencies": {
        "@node-dlc/bufio": "^0.24.0",
        "@node-dlc/crypto": "^0.24.0"
      }
    },
    "node_modules/@node-dlc/bitcoind": {
      "version": "0.24.0",
      "resolved": "https://registry.npmjs.org/@node-dlc/bitcoind/-/bitcoind-0.24.0.tgz",
      "integrity": "sha512-7laEQYl/bkr9TyNPaTTelsjkdLRhDyfJvRlPsaUbo5xmk3QO3x84M6tZ0DCqBbV9KDvGVVv4G+IHebIKw7ljHg==",
      "dependencies": {
        "zeromq": "^6.4.2"
      }
    },
    "node_modules/@node-dlc/bufio": {
      "version": "0.24.0",
      "resolved": "https://registry.npmjs.org/@node-dlc/bufio/-/bufio-0.24.0.tgz",
      "integrity": "sha512-TS0NzdKto6gQwOwi71dlis0f0CEV1EvZKvzbqF0FcNT19x3KgwlGfWZPHmIoPyVMT20AP4ZsKPdqd03nRuwyzQ=="
    },
    "node_modules/@node-dlc/crypto": {
      "version": "0.24.0",
      "resolved": "https://registry.npmjs.org/@node-dlc/crypto/-/crypto-0.24.0.tgz",
      "integrity": "sha512-k0ROliGfG9Oju4tTIjh3h9+N/dN3yT+PtZXNUPqqPGotqm3ysrHrkESRZnNrb0hPVEbeEsI1/LWTdLSlfHD4YQ==",
      "dependencies": {
        "secp256k1": "^4.0.2"
      },
      "engines": {
        "node": ">=10.17"
      }
    },
    "node_modules/@node-dlc/logger": {
      "version": "0.24.0",
      "resolved": "https://registry.npmjs.org/@node-dlc/logger/-/logger-0.24.0.tgz",
      "integrity": "sha512-Wg/wW5uOeI2rhDKVz/vSzAOqAtlB9nJOVjYGZRwZn9eSDmIPZEfZ0dgzFnx80SsS7AGneGt7qJ+NvAjKWJ6MeA=="
    },
    "node_modules/@types/node": {
      "version": "18.11.9",
      "resolved": "https://registry.npmjs.org/@types/node/-/node-18.11.9.tgz",
      "integrity": "sha512-CRpX21/kGdzjOpFsZSkcrXMGIBWMGNIHXXBVFSH+ggkftxg+XYP20TESbh+zFvFj3EQOl5byk0HTRn1IL6hbqg==",
      "dev": true,
      "license": "MIT"
    },
    "node_modules/base-x": {
      "version": "4.0.1",
      "resolved": "https://registry.npmjs.org/base-x/-/base-x-4.0.1.tgz",
      "integrity": "sha512-uAZ8x6r6S3aUM9rbHGVOIsR15U/ZSc82b3ymnCPsT45Gk1DDvhDPdIgB5MrhirZWt+5K0EEPQH985kNqZgNPFw=="
    },
    "node_modules/bech32": {
      "version": "2.0.0",
      "resolved": "https://registry.npmjs.org/bech32/-/bech32-2.0.0.tgz",
      "integrity": "sha512-LcknSilhIGatDAsY1ak2I8VtGaHNhgMSYVxFrGLXv+xLHytaKZKcaUJJUE7qmBr7h33o5YQwP55pMI0xmkpJwg=="
    },
    "node_modules/bip174": {
      "version": "2.1.1",
      "resolved": "https://registry.npmjs.org/bip174/-/bip174-2.1.1.tgz",
      "integrity": "sha512-mdFV5+/v0XyNYXjBS6CQPLo9ekCx4gtKZFnJm5PMto7Fs9hTTDpkkzOB7/FtluRI6JbUUAu+snTYfJRgHLZbZQ==",
      "license": "MIT",
      "engines": {
        "node": ">=8.0.0"
      }
    },
    "node_modules/bitcoinjs-lib": {
      "version": "6.1.7",
      "resolved": "https://registry.npmjs.org/bitcoinjs-lib/-/bitcoinjs-lib-6.1.7.tgz",
      "integrity": "sha512-tlf/r2DGMbF7ky1MgUqXHzypYHakkEnm0SZP23CJKIqNY/5uNAnMbFhMJdhjrL/7anfb/U8+AlpdjPWjPnAalg==",
      "dependencies": {
        "@noble/hashes": "^1.2.0",
        "bech32": "^2.0.0",
        "bip174": "^2.1.1",
        "bs58check": "^3.0.1",
        "typeforce": "^1.11.3",
        "varuint-bitcoin": "^1.1.2"
      },
      "engines": {
        "node": ">=8.0.0"
      }
    },
    "node_modules/bn.js": {
      "version": "4.12.2",
      "resolved": "https://registry.npmjs.org/bn.js/-/bn.js-4.12.2.tgz",
      "integrity": "sha512-n4DSx829VRTRByMRGdjQ9iqsN0Bh4OolPsFnaZBLcbi8iXcB+kJ9s7EnRt4wILZNV3kPLHkRVfOc/HvhC3ovDw=="
    },
    "node_modules/brorand": {
      "version": "1.1.0",
      "resolved": "https://registry.npmjs.org/brorand/-/brorand-1.1.0.tgz",
      "integrity": "sha512-cKV8tMCEpQs4hK/ik71d6LrPOnpkpGBR0wzxqr68g2m/LB2GxVYQroAjMJZRVM1Y4BCjCKc3vAamxSzOY2RP+w=="
    },
    "node_modules/bs58": {
      "version": "5.0.0",
      "resolved": "https://registry.npmjs.org/bs58/-/bs58-5.0.0.tgz",
      "integrity": "sha512-r+ihvQJvahgYT50JD05dyJNKlmmSlMoOGwn1lCcEzanPglg7TxYjioQUYehQ9mAR/+hOSd2jRc/Z2y5UxBymvQ==",
      "dependencies": {
        "base-x": "^4.0.0"
      }
    },
    "node_modules/bs58check": {
      "version": "3.0.1",
      "resolved": "https://registry.npmjs.org/bs58check/-/bs58check-3.0.1.tgz",
      "integrity": "sha512-hjuuJvoWEybo7Hn/0xOrczQKKEKD63WguEjlhLExYs2wUBcebDC1jDNK17eEAD2lYfw82d5ASC1d7K3SWszjaQ==",
      "dependencies": {
        "@noble/hashes": "^1.2.0",
        "bs58": "^5.0.0"
      }
    },
    "node_modules/cmake-ts": {
      "version": "0.6.1",
      "resolved": "https://registry.npmjs.org/cmake-ts/-/cmake-ts-0.6.1.tgz",
      "integrity": "sha512-uUn2qGhf20j8W/sQ7+UnvvqO1zNccqgbLgwRJi7S23FsjMWJqxvKK80Vc+tvLNKfpJzwH0rgoQD1l24SMnX0yg==",
      "bin": {
        "cmake-ts": "build/main.js"
      }
    },
    "node_modules/elliptic": {
      "version": "6.6.1",
      "resolved": "https://registry.npmjs.org/elliptic/-/elliptic-6.6.1.tgz",
      "integrity": "sha512-RaddvvMatK2LJHqFJ+YA4WysVN5Ita9E35botqIYspQ4TkRAlCicdzKOjlyv/1Za5RyTNn7di//eEV0uTAfe3g==",
      "dependencies": {
        "bn.js": "^4.11.9",
        "brorand": "^1.1.0",
        "hash.js": "^1.0.0",
        "hmac-drbg": "^1.0.1",
        "inherits": "^2.0.4",
        "minimalistic-assert": "^1.0.1",
        "minimalistic-crypto-utils": "^1.0.1"
      }
    },
    "node_modules/hash.js": {
      "version": "1.1.7",
      "resolved": "https://registry.npmjs.org/hash.js/-/hash.js-1.1.7.tgz",
      "integrity": "sha512-taOaskGt4z4SOANNseOviYDvjEJinIkRgmp7LbKP2YTTmVxWBl87s/uzK9r+44BclBSp2X7K1hqeNfz9JbBeXA==",
      "dependencies": {
        "inherits": "^2.0.3",
        "minimalistic-assert": "^1.0.1"
      }
    },
    "node_modules/hmac-drbg": {
      "version": "1.0.1",
      "resolved": "https://registry.npmjs.org/hmac-drbg/-/hmac-drbg-1.0.1.tgz",
      "integrity": "sha512-Tti3gMqLdZfhOQY1Mzf/AanLiqh1WTiJgEj26ZuYQ9fbkLomzGchCws4FyrSd4VkpBfiNhaE1On+lOz894jvXg==",
      "dependencies": {
        "hash.js": "^1.0.3",
        "minimalistic-assert": "^1.0.0",
        "minimalistic-crypto-utils": "^1.0.1"
      }
    },
    "node_modules/inherits": {
      "version": "2.0.4",
      "resolved": "https://registry.npmjs.org/inherits/-/inherits-2.0.4.tgz",
      "integrity": "sha512-k/vGaX4/Yla3WzyMCvTQOXYeIHvqOKtnqBduzTHpzpQZzAskKMhZ2K+EnBiSM9zGSoIFeMpXKxa4dYeZIQqewQ=="
    },
    "node_modules/minimalistic-assert": {
      "version": "1.0.1",
      "resolved": "https://registry.npmjs.org/minimalistic-assert/-/minimalistic-assert-1.0.1.tgz",
      "integrity": "sha512-UtJcAD4yEaGtjPezWuO9wC4nwUnVH/8/Im3yEHQP4b67cXlD/Qr9hdITCU1xDbSEXg2XKNaP8jsReV7vQd00/A=="
    },
    "node_modules/minimalistic-crypto-utils": {
      "version": "1.0.1",
      "resolved": "https://registry.npmjs.org/minimalistic-crypto-utils/-/minimalistic-crypto-utils-1.0.1.tgz",
      "integrity": "sha512-JIYlbt6g8i5jKfJ3xz7rF0LXmv2TkDxBLUkiBeZ7bAx4GnnNMr8xFpGnOxn6GhTEHx3SjRrZEoU+j04prX1ktg=="
    },
    "node_modules/node-addon-api": {
      "version": "5.1.0",
      "resolved": "https://registry.npmjs.org/node-addon-api/-/node-addon-api-5.1.0.tgz",
      "integrity": "sha512-eh0GgfEkpnoWDq+VY8OyvYhFEzBk6jIYbRKdIlyTiAXIVJ8PyBaKb0rp7oDtoddbdoHWhq8wwr+XZ81F1rpNdA=="
    },
    "node_modules/node-gyp-build": {
      "version": "4.8.4",
      "resolved": "https://registry.npmjs.org/node-gyp-build/-/node-gyp-build-4.8.4.tgz",
      "integrity": "sha512-LA4ZjwlnUblHVgq0oBF3Jl/6h/Nvs5fzBLwdEF4nuxnFdsfajde4WfxtJr3CaiH+F6ewcIB/q4jQ4UzPyid+CQ==",
      "bin": {
        "node-gyp-build": "bin.js",
        "node-gyp-build-optional": "optional.js",
        "node-gyp-build-test": "build-test.js"
      }
    },
    "node_modules/safe-buffer": {
      "version": "5.2.1",
      "resolved": "https://registry.npmjs.org/safe-buffer/-/safe-buffer-5.2.1.tgz",
      "integrity": "sha512-rp3So07KcdmmKbGvgaNxQSJr7bGVSVk5S9Eq1F+ppbRo70+YeaDxkw5Dd8NPN+GD6bjnYm2VuPuCXmpuYvmCXQ==",
      "funding": [
        {
          "type": "github",
          "url": "https://github.com/sponsors/feross"
        },
        {
          "type": "patreon",
          "url": "https://www.patreon.com/feross"
        },
        {
          "type": "consulting",
          "url": "https://feross.org/support"
        }
      ],
      "license": "MIT"
    },
    "node_modules/secp256k1": {
      "version": "4.0.4",
      "resolved": "https://registry.npmjs.org/secp256k1/-/secp256k1-4.0.4.tgz",
      "integrity": "sha512-6JfvwvjUOn8F/jUoBY2Q1v5WY5XS+rj8qSe0v8Y4ezH4InLgTEeOOPQsRll9OV429Pvo6BCHGavIyJfr3TAhsw==",
      "hasInstallScript": true,
      "dependencies": {
        "elliptic": "^6.5.7",
        "node-addon-api": "^5.0.0",
        "node-gyp-build": "^4.2.0"
      },
      "engines": {
        "node": ">=18.0.0"
      }
    },
    "node_modules/typeforce": {
      "version": "1.18.0",
      "resolved": "https://registry.npmjs.org/typeforce/-/typeforce-1.18.0.tgz",
      "integrity": "sha512-7uc1O8h1M1g0rArakJdf0uLRSSgFcYexrVoKo+bzJd32gd4gDy2L/Z+8/FjPnU9ydY3pEnVPtr9FyscYY60K1g=="
    },
    "node_modules/varuint-bitcoin": {
      "version": "1.1.2",
      "resolved": "https://registry.npmjs.org/varuint-bitcoin/-/varuint-bitcoin-1.1.2.tgz",
      "integrity": "sha512-4EVb+w4rx+YfVM32HQX42AbbT7/1f5zwAYhIujKXKk8NQK+JfRVl3pqT3hjNn/L+RstigmGGKVwHA/P0wgITZw==",
      "license": "MIT",
      "dependencies": {
        "safe-buffer": "^5.1.1"
      }
    },
    "node_modules/zeromq": {
      "version": "6.4.2",
      "resolved": "https://registry.npmjs.org/zeromq/-/zeromq-6.4.2.tgz",
      "integrity": "sha512-FnQlI4lEAewE4JexJ6kqQuBVzRf0Mg1n/qE3uXilfosf+X5lqJPiaYfdL/w4SzgAEVBTyqbMt9NbjwI5H89Yaw==",
      "hasInstallScript": true,
      "dependencies": {
        "cmake-ts": "^0.6.1",
        "node-addon-api": "^8.3.0"
      },
      "engines": {
        "node": ">= 12"
      }
    },
    "node_modules/zeromq/node_modules/node-addon-api": {
      "version": "8.3.1",
      "resolved": "https://registry.npmjs.org/node-addon-api/-/node-addon-api-8.3.1.tgz",
      "integrity": "sha512-lytcDEdxKjGJPTLEfW4mYMigRezMlyJY8W4wxJK8zE533Jlb8L8dRuObJFWg2P+AuOIxoCgKF+2Oq4d4Zd0OUA==",
      "engines": {
        "node": "^18 || ^20 || >= 21"
      }
    }
  }
}
