{
	"name": "@node-dlc/chainmon",
	"version": "0.5.3",
	"lockfileVersion": 1,
	"requires": true,
	"dependencies": {
		"@babel/runtime": {
			"version": "7.13.17",
			"resolved": "https://registry.npmjs.org/@babel/runtime/-/runtime-7.13.17.tgz",
			"integrity": "sha512-NCdgJEelPTSh+FEFylhnP1ylq848l1z9t9N0j1Lfbcw0+KXGjsTvUmkxy+voLLXB5SOKMbLLx4jxYliGrYQseA==",
			"dev": true,
			"requires": {
				"regenerator-runtime": "^0.13.4"
			}
		},
		"@liquality/bitcoin-networks": {
			"version": "1.0.0-beta.4",
			"resolved": "https://registry.npmjs.org/@liquality/bitcoin-networks/-/bitcoin-networks-1.0.0-beta.4.tgz",
			"integrity": "sha512-RDHyZTOXSQrfdb+xf4hKYBkzMvv+AW6HMleU3VY8xW+nj1dqImJyT10zkxxqWNIJm8d+NZ/PjE9Ano3HK0MpQg==",
			"dev": true,
			"requires": {
				"@babel/runtime": "^7.12.1",
				"@liquality/types": "^1.0.0-beta.4",
				"bitcoinjs-lib": "^5.2.0"
			}
		},
		"@liquality/bitcoin-node-wallet-provider": {
			"version": "1.0.0-beta.4",
			"resolved": "https://registry.npmjs.org/@liquality/bitcoin-node-wallet-provider/-/bitcoin-node-wallet-provider-1.0.0-beta.4.tgz",
			"integrity": "sha512-SkyDXd+oX4O2BEW9g2lHght7AHEVbBEhO+UMvf72FW4UBTT5k5lGRsEBr9XZ44QI9+Ek2kx2PF4MieiV0kzS1A==",
			"dev": true,
			"requires": {
				"@babel/runtime": "^7.12.1",
				"@liquality/bitcoin-networks": "^1.0.0-beta.4",
				"@liquality/bitcoin-utils": "^1.0.0-beta.4",
				"@liquality/crypto": "^1.0.0-beta.4",
				"@liquality/jsonrpc-provider": "^1.0.0-beta.4",
				"@liquality/types": "^1.0.0-beta.4",
				"@liquality/utils": "^1.0.0-beta.4",
				"@liquality/wallet-provider": "^1.0.0-beta.4",
				"bignumber.js": "^9.0.0",
				"bitcoinjs-lib": "^5.2.0",
				"lodash": "^4.17.20"
			}
		},
		"@liquality/bitcoin-rpc-provider": {
			"version": "1.0.0-beta.4",
			"resolved": "https://registry.npmjs.org/@liquality/bitcoin-rpc-provider/-/bitcoin-rpc-provider-1.0.0-beta.4.tgz",
			"integrity": "sha512-0cRimhbXgIk/xyjSfbXVcyjWbnFN6j9qa92QWL/9DTgQKFO+aKOsPvDeoq6RwDbuONMcWxJgs/xjbjpUNUL3cA==",
			"dev": true,
			"requires": {
				"@babel/runtime": "^7.12.1",
				"@liquality/bitcoin-networks": "^1.0.0-beta.4",
				"@liquality/bitcoin-utils": "^1.0.0-beta.4",
				"@liquality/errors": "^1.0.0-beta.4",
				"@liquality/jsonrpc-provider": "^1.0.0-beta.4",
				"@liquality/types": "^1.0.0-beta.4",
				"@liquality/utils": "^1.0.0-beta.4",
				"bignumber.js": "^9.0.0",
				"lodash": "^4.17.20"
			}
		},
		"@liquality/bitcoin-utils": {
			"version": "1.0.0-beta.4",
			"resolved": "https://registry.npmjs.org/@liquality/bitcoin-utils/-/bitcoin-utils-1.0.0-beta.4.tgz",
			"integrity": "sha512-ImW0BjtxtODX2vkmi/3ZvxG0rD8ZsxtTG5n/11F4hb2Grb3SCHPyfoFpbe8ktYxr/V+aGl3j+olhJS72U+R0Fg==",
			"dev": true,
			"requires": {
				"@babel/runtime": "^7.12.1",
				"@liquality/bitcoin-networks": "^1.0.0-beta.4",
				"@liquality/crypto": "^1.0.0-beta.4",
				"@liquality/errors": "^1.0.0-beta.4",
				"@liquality/types": "^1.0.0-beta.4",
				"@liquality/utils": "^1.0.0-beta.4",
				"bignumber.js": "^9.0.0",
				"bip174": "^2.0.1",
				"bitcoinjs-lib": "^5.2.0",
				"coinselect": "^3.1.11",
				"lodash": "^4.17.20"
			}
		},
		"@liquality/client": {
			"version": "1.0.0-beta.4",
			"resolved": "https://registry.npmjs.org/@liquality/client/-/client-1.0.0-beta.4.tgz",
			"integrity": "sha512-Wm+q6947NejqEAcd6NMtRKO715ECL3lRkUyPRLtlqUOhvHlbocTDkblNAk1ZkqUmUPKY0X4mpoGoxyqvlEYRFw==",
			"dev": true,
			"requires": {
				"@babel/runtime": "^7.12.1",
				"@liquality/crypto": "^1.0.0-beta.4",
				"@liquality/errors": "^1.0.0-beta.4",
				"@liquality/provider": "^1.0.0-beta.4",
				"@liquality/schema": "^1.0.0-beta.4",
				"@liquality/types": "^1.0.0-beta.4",
				"ajv": "^6.10.0",
				"bignumber.js": "^9.0.1",
				"debug": "^4.1.1",
				"lodash": "^4.17.20"
			}
		},
		"@liquality/crypto": {
			"version": "1.0.0-beta.4",
			"resolved": "https://registry.npmjs.org/@liquality/crypto/-/crypto-1.0.0-beta.4.tgz",
			"integrity": "sha512-tC7Ks5unq9sOvxK/ZCeoxDGvljXM+9fOPVE5Uen7phQQHRBIsY/ytvsZw6XSeRZAfqqVvai7i1fzHswjNu3A6Q==",
			"dev": true,
			"requires": {
				"bech32": "^1.1.3",
				"bs58": "^4.0.1",
				"crypto-hashing": "^1.0.0"
			}
		},
		"@liquality/debug": {
			"version": "1.0.0-beta.4",
			"resolved": "https://registry.npmjs.org/@liquality/debug/-/debug-1.0.0-beta.4.tgz",
			"integrity": "sha512-XfEQb859IXvWDrT13PIPkmszOKFAw5HzPIKv7b3ziDWkma3nuhcDXm1TCO7szO5i6uiTZTeDAzJ1h0yk1bL5Yw==",
			"dev": true,
			"requires": {
				"@babel/runtime": "^7.12.1",
				"@types/debug": "^4.1.5",
				"debug": "^4.1.1"
			}
		},
		"@liquality/errors": {
			"version": "1.0.0-beta.4",
			"resolved": "https://registry.npmjs.org/@liquality/errors/-/errors-1.0.0-beta.4.tgz",
			"integrity": "sha512-wVedwRELi4l8RkNVb6YsLLIIWwTbPZKRk8gslMqm+ePsavmaSX+6A1CWSbToSHw0z7Mr73bHeuy3QvBuMMGRqQ==",
			"dev": true,
			"requires": {
				"@types/standard-error": "^1.1.0",
				"standard-error": "^1.1.0"
			}
		},
		"@liquality/jsonrpc-provider": {
			"version": "1.0.0-beta.4",
			"resolved": "https://registry.npmjs.org/@liquality/jsonrpc-provider/-/jsonrpc-provider-1.0.0-beta.4.tgz",
			"integrity": "sha512-87+TWyTGALQD9AoH2XQxpbHVBi0q1ucNgD9/bCdsCVVShZBCfG+HM1UxfebXlYS3ORtVcuX1fHVhkut3RnbBNg==",
			"dev": true,
			"requires": {
				"@babel/runtime": "^7.12.1",
				"@liquality/debug": "^1.0.0-beta.4",
				"@liquality/errors": "^1.0.0-beta.4",
				"@liquality/node-provider": "^1.0.0-beta.4",
				"@types/lodash": "^4.14.168",
				"json-bigint": "^1.0.0",
				"lodash": "^4.17.20"
			}
		},
		"@liquality/node-provider": {
			"version": "1.0.0-beta.4",
			"resolved": "https://registry.npmjs.org/@liquality/node-provider/-/node-provider-1.0.0-beta.4.tgz",
			"integrity": "sha512-kzUO/f5gcxO9r2JOdZGMsKZ7g//DWSwCisUpNa498ykuyRVN7qDYmDgE8ZiAloiOi9fPjtnp2qv75IXi66lyrw==",
			"dev": true,
			"requires": {
				"@babel/runtime": "^7.12.1",
				"@liquality/errors": "^1.0.0-beta.4",
				"@liquality/provider": "^1.0.0-beta.4",
				"@types/axios": "^0.14.0",
				"@types/lodash": "^4.14.168",
				"axios": "^0.21.0",
				"lodash": "^4.17.20"
			}
		},
		"@liquality/provider": {
			"version": "1.0.0-beta.4",
			"resolved": "https://registry.npmjs.org/@liquality/provider/-/provider-1.0.0-beta.4.tgz",
			"integrity": "sha512-3V6giR4Lb7n3jDDPwvgZmJnviEk3bypnwOZDOnt34ISA9jz9qZsYLrYMLfEJ1ZOO/UWQSoFYpSHsAAJ1KYDwTQ==",
			"dev": true,
			"requires": {
				"@liquality/types": "^1.0.0-beta.4"
			}
		},
		"@liquality/schema": {
			"version": "1.0.0-beta.4",
			"resolved": "https://registry.npmjs.org/@liquality/schema/-/schema-1.0.0-beta.4.tgz",
			"integrity": "sha512-f79T9A6U9DqX8FFNotmI6ruq+UlzJL/fIYl2ZubzS4PMghIR4XCQsMJUwwJ/l+t9Rwc16eH38KPNLKYTZumNcA==",
			"dev": true
		},
		"@liquality/types": {
			"version": "1.0.0-beta.4",
			"resolved": "https://registry.npmjs.org/@liquality/types/-/types-1.0.0-beta.4.tgz",
			"integrity": "sha512-ZSgLNqvJ2LSrO9E5C1pUWOz/XNo+EWkF2qZ38megHE1FaCNqG1SpLgVBdMcmBulZ27O/ZWBXYuru+5ysVNMj0w==",
			"dev": true,
			"requires": {
				"bignumber.js": "^9.0.1"
			}
		},
		"@liquality/utils": {
			"version": "1.0.0-beta.4",
			"resolved": "https://registry.npmjs.org/@liquality/utils/-/utils-1.0.0-beta.4.tgz",
			"integrity": "sha512-mU3CaeqYRQoYqANEy2gKmw3/y1Grp/gCxcf/t+TZS/Ua24yBSSQt+uoPnDGv6OzTZxnsFvo7Co4U+/Ie7eSXgQ==",
			"dev": true,
			"requires": {
				"@babel/runtime": "^7.12.1",
				"@liquality/crypto": "^1.0.0-beta.4",
				"@liquality/errors": "^1.0.0-beta.4",
				"@liquality/types": "^1.0.0-beta.4",
				"setimmediate": "^1.0.5"
			}
		},
		"@liquality/wallet-provider": {
			"version": "1.0.0-beta.4",
			"resolved": "https://registry.npmjs.org/@liquality/wallet-provider/-/wallet-provider-1.0.0-beta.4.tgz",
			"integrity": "sha512-7vE36LJSRI8U8wk5aVejV+Tss2OUH13TD2n0Mat+KQ7ApFt/d9F2A/1iHmVHUHY9Dm48TZoqMTJKcEtek8cmGA==",
			"dev": true,
			"requires": {
				"@babel/runtime": "^7.12.1",
				"@liquality/errors": "^1.0.0-beta.4",
				"@liquality/provider": "^1.0.0-beta.4",
				"@liquality/types": "^1.0.0-beta.4",
				"lodash": "^4.17.20"
			}
		},
		"@node-lightning/bitcoin": {
			"version": "0.22.1",
			"resolved": "https://registry.npmjs.org/@node-lightning/bitcoin/-/bitcoin-0.22.1.tgz",
			"integrity": "sha512-421ThidlfA0HI9G5/cBUVUIsicEKcrLlOoT/ETXiVuCRiW5xMqaxI3GSJfXxtyygNfnn/MamGQdhebVmoSxCsQ==",
			"requires": {
				"@node-lightning/bufio": "^0.22.1",
				"@node-lightning/crypto": "^0.22.1"
			}
		},
		"@node-lightning/bitcoind": {
			"version": "0.22.1",
			"resolved": "https://registry.npmjs.org/@node-lightning/bitcoind/-/bitcoind-0.22.1.tgz",
			"integrity": "sha512-FmBQf7spxcITP4m474NbzQB7TYZQlku1wC2pixSD3QibDMDumjTl3xwWRIeiI6ZfxDY0ObT9OP5bcmVrfRlrkQ==",
			"requires": {
				"zeromq": "^5.2.0"
			}
		},
		"@node-lightning/bufio": {
			"version": "0.22.1",
			"resolved": "https://registry.npmjs.org/@node-lightning/bufio/-/bufio-0.22.1.tgz",
			"integrity": "sha512-RsVS8J20qGva2QFZTnFFH93g/fOQ+qBm9APtRQI2VP+oWSICIarWrery83m1GKTzZ1IjpWbiiC9PHwdk6DkSsg=="
		},
		"@node-lightning/chainmon": {
			"version": "0.22.1",
			"resolved": "https://registry.npmjs.org/@node-lightning/chainmon/-/chainmon-0.22.1.tgz",
			"integrity": "sha512-RhhthBWE8hhLh0uGRdZbSADMr3MNaACFUCWAoGuqtJNkLuwVxg3ZRsClMJhNjUY+b+M7K7wO5CpVq9vMJz9Vfg==",
			"requires": {
				"@node-lightning/bitcoin": "^0.22.1",
				"@node-lightning/bitcoind": "^0.22.1"
			}
		},
		"@node-lightning/crypto": {
			"version": "0.22.1",
			"resolved": "https://registry.npmjs.org/@node-lightning/crypto/-/crypto-0.22.1.tgz",
			"integrity": "sha512-uNnhc2/6auOvzTdZ68OrhEMzq/ePc+nNe6f+F2TU4gTFLZYlYvsdKl7UBcmzhxMnWdHxVupVmIHuvgi29r6xGA==",
			"requires": {
				"secp256k1": "^4.0.2"
			}
		},
		"@types/axios": {
			"version": "0.14.0",
			"resolved": "https://registry.npmjs.org/@types/axios/-/axios-0.14.0.tgz",
			"integrity": "sha1-7CMA++fX3d1+udOr+HmZlkyvzkY=",
			"dev": true,
			"requires": {
				"axios": "*"
			}
		},
		"@types/debug": {
			"version": "4.1.5",
			"resolved": "https://registry.npmjs.org/@types/debug/-/debug-4.1.5.tgz",
			"integrity": "sha512-Q1y515GcOdTHgagaVFhHnIFQ38ygs/kmxdNpvpou+raI9UO3YZcHDngBSYKQklcKlvA7iuQlmIKbzvmxcOE9CQ==",
			"dev": true
		},
		"@types/lodash": {
			"version": "4.14.168",
			"resolved": "https://registry.npmjs.org/@types/lodash/-/lodash-4.14.168.tgz",
			"integrity": "sha512-oVfRvqHV/V6D1yifJbVRU3TMp8OT6o6BG+U9MkwuJ3U8/CsDHvalRpsxBqivn71ztOFZBTfJMvETbqHiaNSj7Q==",
			"dev": true
		},
		"@types/node": {
			"version": "14.14.41",
			"resolved": "https://registry.npmjs.org/@types/node/-/node-14.14.41.tgz",
			"integrity": "sha512-dueRKfaJL4RTtSa7bWeTK1M+VH+Gns73oCgzvYfHZywRCoPSd8EkXBL0mZ9unPTveBn+D9phZBaxuzpwjWkW0g==",
			"dev": true
		},
		"@types/standard-error": {
			"version": "1.1.0",
			"resolved": "https://registry.npmjs.org/@types/standard-error/-/standard-error-1.1.0.tgz",
			"integrity": "sha512-lZshsx/QFLUJcu9prwm3Gtsl+b38HAqO6XUGH8PGwSmiswQhscd2MKrfk3LX3W3HyvNVUKcpsiuhU9r8DX32ww==",
			"dev": true
		},
		"ajv": {
			"version": "6.12.6",
			"resolved": "https://registry.npmjs.org/ajv/-/ajv-6.12.6.tgz",
			"integrity": "sha512-j3fVLgvTo527anyYyJOGTYJbG+vnnQYvE0m5mmkc1TK+nxAppkCLMIL0aZ4dblVCNoGShhm+kzE4ZUykBoMg4g==",
			"dev": true,
			"requires": {
				"fast-deep-equal": "^3.1.1",
				"fast-json-stable-stringify": "^2.0.0",
				"json-schema-traverse": "^0.4.1",
				"uri-js": "^4.2.2"
			}
		},
		"axios": {
			"version": "0.21.1",
			"resolved": "https://registry.npmjs.org/axios/-/axios-0.21.1.tgz",
			"integrity": "sha512-dKQiRHxGD9PPRIUNIWvZhPTPpl1rf/OxTYKsqKUDjBwYylTvV7SjSHJb9ratfyzM6wCdLCOYLzs73qpg5c4iGA==",
			"dev": true,
			"requires": {
				"follow-redirects": "^1.10.0"
			}
		},
		"base-x": {
			"version": "3.0.8",
			"resolved": "https://registry.npmjs.org/base-x/-/base-x-3.0.8.tgz",
			"integrity": "sha512-Rl/1AWP4J/zRrk54hhlxH4drNxPJXYUaKffODVI53/dAsV4t9fBxyxYKAVPU1XBHxYwOWP9h9H0hM2MVw4YfJA==",
			"requires": {
				"safe-buffer": "^5.0.1"
			}
		},
		"bech32": {
			"version": "1.1.4",
			"resolved": "https://registry.npmjs.org/bech32/-/bech32-1.1.4.tgz",
			"integrity": "sha512-s0IrSOzLlbvX7yp4WBfPITzpAU8sqQcpsmwXDiKwrG4r491vwCO/XpejasRNl0piBMe/DvP4Tz0mIS/X1DPJBQ=="
		},
		"bignumber.js": {
			"version": "9.0.1",
			"resolved": "https://registry.npmjs.org/bignumber.js/-/bignumber.js-9.0.1.tgz",
			"integrity": "sha512-IdZR9mh6ahOBv/hYGiXyVuyCetmGJhtYkqLBpTStdhEGjegpPlUawydyaF3pbIOFynJTpllEs+NP+CS9jKFLjA==",
			"dev": true
		},
		"bindings": {
			"version": "1.5.0",
			"resolved": "https://registry.npmjs.org/bindings/-/bindings-1.5.0.tgz",
			"integrity": "sha512-p2q/t/mhvuOj/UeLlV6566GD/guowlr0hHxClI0W9m7MWYkL1F0hLo+0Aexs9HSPCtR1SXQ0TD3MMKrXZajbiQ==",
			"requires": {
				"file-uri-to-path": "1.0.0"
			}
		},
		"bip174": {
			"version": "2.0.1",
			"resolved": "https://registry.npmjs.org/bip174/-/bip174-2.0.1.tgz",
			"integrity": "sha512-i3X26uKJOkDTAalYAp0Er+qGMDhrbbh2o93/xiPyAN2s25KrClSpe3VXo/7mNJoqA5qfko8rLS2l3RWZgYmjKQ=="
		},
		"bip32": {
			"version": "2.0.6",
			"resolved": "https://registry.npmjs.org/bip32/-/bip32-2.0.6.tgz",
			"integrity": "sha512-HpV5OMLLGTjSVblmrtYRfFFKuQB+GArM0+XP8HGWfJ5vxYBqo+DesvJwOdC2WJ3bCkZShGf0QIfoIpeomVzVdA==",
			"requires": {
				"@types/node": "10.12.18",
				"bs58check": "^2.1.1",
				"create-hash": "^1.2.0",
				"create-hmac": "^1.1.7",
				"tiny-secp256k1": "^1.1.3",
				"typeforce": "^1.11.5",
				"wif": "^2.0.6"
			},
			"dependencies": {
				"@types/node": {
					"version": "10.12.18",
					"resolved": "https://registry.npmjs.org/@types/node/-/node-10.12.18.tgz",
					"integrity": "sha512-fh+pAqt4xRzPfqA6eh3Z2y6fyZavRIumvjhaCL753+TVkGKGhpPeyrJG2JftD0T9q4GF00KjefsQ+PQNDdWQaQ=="
				}
			}
		},
		"bip66": {
			"version": "1.1.5",
			"resolved": "https://registry.npmjs.org/bip66/-/bip66-1.1.5.tgz",
			"integrity": "sha1-AfqHSHhcpwlV1QESF9GzE5lpyiI=",
			"requires": {
				"safe-buffer": "^5.0.1"
			}
		},
		"bitcoin-ops": {
			"version": "1.4.1",
			"resolved": "https://registry.npmjs.org/bitcoin-ops/-/bitcoin-ops-1.4.1.tgz",
			"integrity": "sha512-pef6gxZFztEhaE9RY9HmWVmiIHqCb2OyS4HPKkpc6CIiiOa3Qmuoylxc5P2EkU3w+5eTSifI9SEZC88idAIGow=="
		},
		"bitcoinjs-lib": {
			"version": "5.2.0",
			"resolved": "https://registry.npmjs.org/bitcoinjs-lib/-/bitcoinjs-lib-5.2.0.tgz",
			"integrity": "sha512-5DcLxGUDejgNBYcieMIUfjORtUeNWl828VWLHJGVKZCb4zIS1oOySTUr0LGmcqJBQgTBz3bGbRQla4FgrdQEIQ==",
			"requires": {
				"bech32": "^1.1.2",
				"bip174": "^2.0.1",
				"bip32": "^2.0.4",
				"bip66": "^1.1.0",
				"bitcoin-ops": "^1.4.0",
				"bs58check": "^2.0.0",
				"create-hash": "^1.1.0",
				"create-hmac": "^1.1.3",
				"merkle-lib": "^2.0.10",
				"pushdata-bitcoin": "^1.0.1",
				"randombytes": "^2.0.1",
				"tiny-secp256k1": "^1.1.1",
				"typeforce": "^1.11.3",
				"varuint-bitcoin": "^1.0.4",
				"wif": "^2.0.1"
			}
		},
		"bn.js": {
			"version": "4.12.0",
			"resolved": "https://registry.npmjs.org/bn.js/-/bn.js-4.12.0.tgz",
			"integrity": "sha512-c98Bf3tPniI+scsdk237ku1Dc3ujXQTSgyiPUDEOe7tRkhrqridvh8klBv0HCEso1OLOYcHuCv/cS6DNxKH+ZA=="
		},
		"brorand": {
			"version": "1.1.0",
			"resolved": "https://registry.npmjs.org/brorand/-/brorand-1.1.0.tgz",
			"integrity": "sha1-EsJe/kCkXjwyPrhnWgoM5XsiNx8="
		},
		"bs58": {
			"version": "4.0.1",
			"resolved": "https://registry.npmjs.org/bs58/-/bs58-4.0.1.tgz",
			"integrity": "sha1-vhYedsNU9veIrkBx9j806MTwpCo=",
			"requires": {
				"base-x": "^3.0.2"
			}
		},
		"bs58check": {
			"version": "2.1.2",
			"resolved": "https://registry.npmjs.org/bs58check/-/bs58check-2.1.2.tgz",
			"integrity": "sha512-0TS1jicxdU09dwJMNZtVAfzPi6Q6QeN0pM1Fkzrjn+XYHvzMKPU3pHVpva+769iNVSfIYWf7LJ6WR+BuuMf8cA==",
			"requires": {
				"bs58": "^4.0.0",
				"create-hash": "^1.1.0",
				"safe-buffer": "^5.1.2"
			}
		},
		"cipher-base": {
			"version": "1.0.4",
			"resolved": "https://registry.npmjs.org/cipher-base/-/cipher-base-1.0.4.tgz",
			"integrity": "sha512-Kkht5ye6ZGmwv40uUDZztayT2ThLQGfnj/T71N/XzeZeo3nf8foyW7zGTsPYkEya3m5f3cAypH+qe7YOrM1U2Q==",
			"requires": {
				"inherits": "^2.0.1",
				"safe-buffer": "^5.0.1"
			}
		},
		"coinselect": {
			"version": "3.1.12",
			"resolved": "https://registry.npmjs.org/coinselect/-/coinselect-3.1.12.tgz",
			"integrity": "sha512-XKnm9wwZzJRGuvR1BGNbFZEfa4SEr38do8Z5riq0797QwMT836EqhdPuhtbn8uAX8vCMqJ7+gS4CHa1G9M5xhw==",
			"dev": true
		},
		"create-hash": {
			"version": "1.2.0",
			"resolved": "https://registry.npmjs.org/create-hash/-/create-hash-1.2.0.tgz",
			"integrity": "sha512-z00bCGNHDG8mHAkP7CtT1qVu+bFQUPjYq/4Iv3C3kWjTFV10zIjfSoeqXo9Asws8gwSHDGj/hl2u4OGIjapeCg==",
			"requires": {
				"cipher-base": "^1.0.1",
				"inherits": "^2.0.1",
				"md5.js": "^1.3.4",
				"ripemd160": "^2.0.1",
				"sha.js": "^2.4.0"
			}
		},
		"create-hmac": {
			"version": "1.1.7",
			"resolved": "https://registry.npmjs.org/create-hmac/-/create-hmac-1.1.7.tgz",
			"integrity": "sha512-MJG9liiZ+ogc4TzUwuvbER1JRdgvUFSB5+VR/g5h82fGaIRWMWddtKBHi7/sVhfjQZ6SehlyhvQYrcYkaUIpLg==",
			"requires": {
				"cipher-base": "^1.0.3",
				"create-hash": "^1.1.0",
				"inherits": "^2.0.1",
				"ripemd160": "^2.0.0",
				"safe-buffer": "^5.0.1",
				"sha.js": "^2.4.8"
			}
		},
		"crypto-hashing": {
			"version": "1.0.0",
			"resolved": "https://registry.npmjs.org/crypto-hashing/-/crypto-hashing-1.0.0.tgz",
			"integrity": "sha1-MOFnNxkUMJVToevrHL5nU7DIjKo=",
			"dev": true,
			"requires": {
				"create-hash": "^1.1.2"
			}
		},
		"debug": {
			"version": "4.3.1",
			"resolved": "https://registry.npmjs.org/debug/-/debug-4.3.1.tgz",
			"integrity": "sha512-doEwdvm4PCeK4K3RQN2ZC2BYUBaxwLARCqZmMjtF8a51J2Rb0xpVloFRnCODwqjpwnAoao4pelN8l3RJdv3gRQ==",
			"dev": true,
			"requires": {
				"ms": "2.1.2"
			}
		},
		"elliptic": {
			"version": "6.5.4",
			"resolved": "https://registry.npmjs.org/elliptic/-/elliptic-6.5.4.tgz",
			"integrity": "sha512-iLhC6ULemrljPZb+QutR5TQGB+pdW6KGD5RSegS+8sorOZT+rdQFbsQFJgvN3eRqNALqJer4oQ16YvJHlU8hzQ==",
			"requires": {
				"bn.js": "^4.11.9",
				"brorand": "^1.1.0",
				"hash.js": "^1.0.0",
				"hmac-drbg": "^1.0.1",
				"inherits": "^2.0.4",
				"minimalistic-assert": "^1.0.1",
				"minimalistic-crypto-utils": "^1.0.1"
			}
		},
		"fast-deep-equal": {
			"version": "3.1.3",
			"resolved": "https://registry.npmjs.org/fast-deep-equal/-/fast-deep-equal-3.1.3.tgz",
			"integrity": "sha512-f3qQ9oQy9j2AhBe/H9VC91wLmKBCCU/gDOnKNAYG5hswO7BLKj09Hc5HYNz9cGI++xlpDCIgDaitVs03ATR84Q==",
			"dev": true
		},
		"fast-json-stable-stringify": {
			"version": "2.1.0",
			"resolved": "https://registry.npmjs.org/fast-json-stable-stringify/-/fast-json-stable-stringify-2.1.0.tgz",
			"integrity": "sha512-lhd/wF+Lk98HZoTCtlVraHtfh5XYijIjalXck7saUtuanSDyLMxnHhSXEDJqHxD7msR8D0uCmqlkwjCV8xvwHw==",
			"dev": true
		},
		"file-uri-to-path": {
			"version": "1.0.0",
			"resolved": "https://registry.npmjs.org/file-uri-to-path/-/file-uri-to-path-1.0.0.tgz",
			"integrity": "sha512-0Zt+s3L7Vf1biwWZ29aARiVYLx7iMGnEUl9x33fbB/j3jR81u/O2LbqK+Bm1CDSNDKVtJ/YjwY7TUd5SkeLQLw=="
		},
		"follow-redirects": {
			"version": "1.14.0",
			"resolved": "https://registry.npmjs.org/follow-redirects/-/follow-redirects-1.14.0.tgz",
			"integrity": "sha512-0vRwd7RKQBTt+mgu87mtYeofLFZpTas2S9zY+jIeuLJMNvudIgF52nr19q40HOwH5RrhWIPuj9puybzSJiRrVg==",
			"dev": true
		},
		"hash-base": {
			"version": "3.1.0",
			"resolved": "https://registry.npmjs.org/hash-base/-/hash-base-3.1.0.tgz",
			"integrity": "sha512-1nmYp/rhMDiE7AYkDw+lLwlAzz0AntGIe51F3RfFfEqyQ3feY2eI/NcwC6umIQVOASPMsWJLJScWKSSvzL9IVA==",
			"requires": {
				"inherits": "^2.0.4",
				"readable-stream": "^3.6.0",
				"safe-buffer": "^5.2.0"
			}
		},
		"hash.js": {
			"version": "1.1.7",
			"resolved": "https://registry.npmjs.org/hash.js/-/hash.js-1.1.7.tgz",
			"integrity": "sha512-taOaskGt4z4SOANNseOviYDvjEJinIkRgmp7LbKP2YTTmVxWBl87s/uzK9r+44BclBSp2X7K1hqeNfz9JbBeXA==",
			"requires": {
				"inherits": "^2.0.3",
				"minimalistic-assert": "^1.0.1"
			}
		},
		"hmac-drbg": {
			"version": "1.0.1",
			"resolved": "https://registry.npmjs.org/hmac-drbg/-/hmac-drbg-1.0.1.tgz",
			"integrity": "sha1-0nRXAQJabHdabFRXk+1QL8DGSaE=",
			"requires": {
				"hash.js": "^1.0.3",
				"minimalistic-assert": "^1.0.0",
				"minimalistic-crypto-utils": "^1.0.1"
			}
		},
		"inherits": {
			"version": "2.0.4",
			"resolved": "https://registry.npmjs.org/inherits/-/inherits-2.0.4.tgz",
			"integrity": "sha512-k/vGaX4/Yla3WzyMCvTQOXYeIHvqOKtnqBduzTHpzpQZzAskKMhZ2K+EnBiSM9zGSoIFeMpXKxa4dYeZIQqewQ=="
		},
		"json-bigint": {
			"version": "1.0.0",
			"resolved": "https://registry.npmjs.org/json-bigint/-/json-bigint-1.0.0.tgz",
			"integrity": "sha512-SiPv/8VpZuWbvLSMtTDU8hEfrZWg/mH/nV/b4o0CYbSxu1UIQPLdwKOCIyLQX+VIPO5vrLX3i8qtqFyhdPSUSQ==",
			"dev": true,
			"requires": {
				"bignumber.js": "^9.0.0"
			}
		},
		"json-schema-traverse": {
			"version": "0.4.1",
			"resolved": "https://registry.npmjs.org/json-schema-traverse/-/json-schema-traverse-0.4.1.tgz",
			"integrity": "sha512-xbbCH5dCYU5T8LcEhhuh7HJ88HXuW3qsI3Y0zOZFKfZEHcpWiHU/Jxzk629Brsab/mMiHQti9wMP+845RPe3Vg==",
			"dev": true
		},
		"lodash": {
			"version": "4.17.21",
			"resolved": "https://registry.npmjs.org/lodash/-/lodash-4.17.21.tgz",
			"integrity": "sha512-v2kDEe57lecTulaDIuNTPy3Ry4gLGJ6Z1O3vE1krgXZNrsQ+LFTGHVxVjcXPs17LhbZVGedAJv8XZ1tvj5FvSg==",
			"dev": true
		},
		"md5.js": {
			"version": "1.3.5",
			"resolved": "https://registry.npmjs.org/md5.js/-/md5.js-1.3.5.tgz",
			"integrity": "sha512-xitP+WxNPcTTOgnTJcrhM0xvdPepipPSf3I8EIpGKeFLjt3PlJLIDG3u8EX53ZIubkb+5U2+3rELYpEhHhzdkg==",
			"requires": {
				"hash-base": "^3.0.0",
				"inherits": "^2.0.1",
				"safe-buffer": "^5.1.2"
			}
		},
		"merkle-lib": {
			"version": "2.0.10",
			"resolved": "https://registry.npmjs.org/merkle-lib/-/merkle-lib-2.0.10.tgz",
			"integrity": "sha1-grjbrnXieneFOItz+ddyXQ9vMyY="
		},
		"minimalistic-assert": {
			"version": "1.0.1",
			"resolved": "https://registry.npmjs.org/minimalistic-assert/-/minimalistic-assert-1.0.1.tgz",
			"integrity": "sha512-UtJcAD4yEaGtjPezWuO9wC4nwUnVH/8/Im3yEHQP4b67cXlD/Qr9hdITCU1xDbSEXg2XKNaP8jsReV7vQd00/A=="
		},
		"minimalistic-crypto-utils": {
			"version": "1.0.1",
			"resolved": "https://registry.npmjs.org/minimalistic-crypto-utils/-/minimalistic-crypto-utils-1.0.1.tgz",
			"integrity": "sha1-9sAMHAsIIkblxNmd+4x8CDsrWCo="
		},
		"ms": {
			"version": "2.1.2",
			"resolved": "https://registry.npmjs.org/ms/-/ms-2.1.2.tgz",
			"integrity": "sha512-sGkPx+VjMtmA6MX27oA4FBFELFCZZ4S4XqeGOXCv68tT+jb3vk/RyaKWP0PTKyWtmLSM0b+adUTEvbs1PEaH2w==",
			"dev": true
		},
		"nan": {
			"version": "2.14.2",
			"resolved": "https://registry.npmjs.org/nan/-/nan-2.14.2.tgz",
			"integrity": "sha512-M2ufzIiINKCuDfBSAUr1vWQ+vuVcA9kqx8JJUsbQi6yf1uGRyb7HfpdfUr5qLXf3B/t8dPvcjhKMmlfnP47EzQ=="
		},
		"node-addon-api": {
			"version": "2.0.2",
			"resolved": "https://registry.npmjs.org/node-addon-api/-/node-addon-api-2.0.2.tgz",
			"integrity": "sha512-Ntyt4AIXyaLIuMHF6IOoTakB3K+RWxwtsHNRxllEoA6vPwP9o4866g6YWDLUdnucilZhmkxiHwHr11gAENw+QA=="
		},
		"node-gyp-build": {
			"version": "4.2.3",
			"resolved": "https://registry.npmjs.org/node-gyp-build/-/node-gyp-build-4.2.3.tgz",
			"integrity": "sha512-MN6ZpzmfNCRM+3t57PTJHgHyw/h4OWnZ6mR8P5j/uZtqQr46RRuDE/P+g3n0YR/AiYXeWixZZzaip77gdICfRg=="
		},
		"punycode": {
			"version": "2.1.1",
			"resolved": "https://registry.npmjs.org/punycode/-/punycode-2.1.1.tgz",
			"integrity": "sha512-XRsRjdf+j5ml+y/6GKHPZbrF/8p2Yga0JPtdqTIY2Xe5ohJPD9saDJJLPvp9+NSBprVvevdXZybnj2cv8OEd0A==",
			"dev": true
		},
		"pushdata-bitcoin": {
			"version": "1.0.1",
			"resolved": "https://registry.npmjs.org/pushdata-bitcoin/-/pushdata-bitcoin-1.0.1.tgz",
			"integrity": "sha1-FZMdPNlnreUiBvUjqnMxrvfUOvc=",
			"requires": {
				"bitcoin-ops": "^1.3.0"
			}
		},
		"randombytes": {
			"version": "2.1.0",
			"resolved": "https://registry.npmjs.org/randombytes/-/randombytes-2.1.0.tgz",
			"integrity": "sha512-vYl3iOX+4CKUWuxGi9Ukhie6fsqXqS9FE2Zaic4tNFD2N2QQaXOMFbuKK4QmDHC0JO6B1Zp41J0LpT0oR68amQ==",
			"requires": {
				"safe-buffer": "^5.1.0"
			}
		},
		"readable-stream": {
			"version": "3.6.0",
			"resolved": "https://registry.npmjs.org/readable-stream/-/readable-stream-3.6.0.tgz",
			"integrity": "sha512-BViHy7LKeTz4oNnkcLJ+lVSL6vpiFeX6/d3oSH8zCW7UxP2onchk+vTGB143xuFjHS3deTgkKoXXymXqymiIdA==",
			"requires": {
				"inherits": "^2.0.3",
				"string_decoder": "^1.1.1",
				"util-deprecate": "^1.0.1"
			}
		},
		"regenerator-runtime": {
			"version": "0.13.7",
			"resolved": "https://registry.npmjs.org/regenerator-runtime/-/regenerator-runtime-0.13.7.tgz",
			"integrity": "sha512-a54FxoJDIr27pgf7IgeQGxmqUNYrcV338lf/6gH456HZ/PhX+5BcwHXG9ajESmwe6WRO0tAzRUrRmNONWgkrew==",
			"dev": true
		},
		"ripemd160": {
			"version": "2.0.2",
			"resolved": "https://registry.npmjs.org/ripemd160/-/ripemd160-2.0.2.tgz",
			"integrity": "sha512-ii4iagi25WusVoiC4B4lq7pbXfAp3D9v5CwfkY33vffw2+pkDjY1D8GaN7spsxvCSx8dkPqOZCEZyfxcmJG2IA==",
			"requires": {
				"hash-base": "^3.0.0",
				"inherits": "^2.0.1"
			}
		},
		"safe-buffer": {
			"version": "5.2.1",
			"resolved": "https://registry.npmjs.org/safe-buffer/-/safe-buffer-5.2.1.tgz",
			"integrity": "sha512-rp3So07KcdmmKbGvgaNxQSJr7bGVSVk5S9Eq1F+ppbRo70+YeaDxkw5Dd8NPN+GD6bjnYm2VuPuCXmpuYvmCXQ=="
		},
		"secp256k1": {
			"version": "4.0.2",
			"resolved": "https://registry.npmjs.org/secp256k1/-/secp256k1-4.0.2.tgz",
			"integrity": "sha512-UDar4sKvWAksIlfX3xIaQReADn+WFnHvbVujpcbr+9Sf/69odMwy2MUsz5CKLQgX9nsIyrjuxL2imVyoNHa3fg==",
			"requires": {
				"elliptic": "^6.5.2",
				"node-addon-api": "^2.0.0",
				"node-gyp-build": "^4.2.0"
			}
		},
		"setimmediate": {
			"version": "1.0.5",
			"resolved": "https://registry.npmjs.org/setimmediate/-/setimmediate-1.0.5.tgz",
			"integrity": "sha1-KQy7Iy4waULX1+qbg3Mqt4VvgoU=",
			"dev": true
		},
		"sha.js": {
			"version": "2.4.11",
			"resolved": "https://registry.npmjs.org/sha.js/-/sha.js-2.4.11.tgz",
			"integrity": "sha512-QMEp5B7cftE7APOjk5Y6xgrbWu+WkLVQwk8JNjZ8nKRciZaByEW6MubieAiToS7+dwvrjGhH8jRXz3MVd0AYqQ==",
			"requires": {
				"inherits": "^2.0.1",
				"safe-buffer": "^5.0.1"
			}
		},
		"standard-error": {
			"version": "1.1.0",
			"resolved": "https://registry.npmjs.org/standard-error/-/standard-error-1.1.0.tgz",
			"integrity": "sha1-I+UWj6HAggGJ5YEnAaeQWFENDTQ=",
			"dev": true
		},
		"string_decoder": {
			"version": "1.3.0",
			"resolved": "https://registry.npmjs.org/string_decoder/-/string_decoder-1.3.0.tgz",
			"integrity": "sha512-hkRX8U1WjJFd8LsDJ2yQ/wWWxaopEsABU1XfkM8A+j0+85JAGppt16cr1Whg6KIbb4okU6Mql6BOj+uup/wKeA==",
			"requires": {
				"safe-buffer": "~5.2.0"
			}
		},
		"tiny-secp256k1": {
			"version": "1.1.6",
			"resolved": "https://registry.npmjs.org/tiny-secp256k1/-/tiny-secp256k1-1.1.6.tgz",
			"integrity": "sha512-FmqJZGduTyvsr2cF3375fqGHUovSwDi/QytexX1Se4BPuPZpTE5Ftp5fg+EFSuEf3lhZqgCRjEG3ydUQ/aNiwA==",
			"requires": {
				"bindings": "^1.3.0",
				"bn.js": "^4.11.8",
				"create-hmac": "^1.1.7",
				"elliptic": "^6.4.0",
				"nan": "^2.13.2"
			}
		},
		"typeforce": {
			"version": "1.18.0",
			"resolved": "https://registry.npmjs.org/typeforce/-/typeforce-1.18.0.tgz",
			"integrity": "sha512-7uc1O8h1M1g0rArakJdf0uLRSSgFcYexrVoKo+bzJd32gd4gDy2L/Z+8/FjPnU9ydY3pEnVPtr9FyscYY60K1g=="
		},
		"uri-js": {
			"version": "4.4.1",
			"resolved": "https://registry.npmjs.org/uri-js/-/uri-js-4.4.1.tgz",
			"integrity": "sha512-7rKUyy33Q1yc98pQ1DAmLtwX109F7TIfWlW1Ydo8Wl1ii1SeHieeh0HHfPeL2fMXK6z0s8ecKs9frCuLJvndBg==",
			"dev": true,
			"requires": {
				"punycode": "^2.1.0"
			}
		},
		"util-deprecate": {
			"version": "1.0.2",
			"resolved": "https://registry.npmjs.org/util-deprecate/-/util-deprecate-1.0.2.tgz",
			"integrity": "sha1-RQ1Nyfpw3nMnYvvS1KKJgUGaDM8="
		},
		"varuint-bitcoin": {
			"version": "1.1.2",
			"resolved": "https://registry.npmjs.org/varuint-bitcoin/-/varuint-bitcoin-1.1.2.tgz",
			"integrity": "sha512-4EVb+w4rx+YfVM32HQX42AbbT7/1f5zwAYhIujKXKk8NQK+JfRVl3pqT3hjNn/L+RstigmGGKVwHA/P0wgITZw==",
			"requires": {
				"safe-buffer": "^5.1.1"
			}
		},
		"wif": {
			"version": "2.0.6",
			"resolved": "https://registry.npmjs.org/wif/-/wif-2.0.6.tgz",
			"integrity": "sha1-CNP1IFbGZnkplyb63g1DKudLRwQ=",
			"requires": {
				"bs58check": "<3.0.0"
			}
		},
		"zeromq": {
			"version": "5.2.8",
			"resolved": "https://registry.npmjs.org/zeromq/-/zeromq-5.2.8.tgz",
			"integrity": "sha512-bXzsk7KOmgLSv1tC0Ms1VXBy90+Rz27ZYf27cLuldRYbpqYpuWJfxxHFhO710t22zgWBnmdUP0m3SKFpLI0u5g==",
			"requires": {
				"nan": "2.14.2",
				"node-gyp-build": "^4.2.3"
			}
		}
	}
}
