{
	"name": "@node-dlc/common",
	"version": "0.26.1",
	"lockfileVersion": 3,
	"requires": true,
	"packages": {
		"": {
			"name": "@node-dlc/common",
			"version": "0.26.1",
			"license": "MIT",
			"devDependencies": {
				"@types/node": "18.11.9"
			}
		},
		"../bitcoin": {
			"name": "@node-dlc/bitcoin",
			"version": "0.23.6",
			"extraneous": true,
			"license": "MIT",
			"dependencies": {
				"@node-dlc/bufio": "^0.26.1",
				"@node-dlc/crypto": "^0.26.1"
			}
		},
		"../bufio": {
			"name": "@node-dlc/bufio",
			"version": "0.26.1",
			"extraneous": true,
			"license": "MIT"
		},
		"../crypto": {
			"name": "@node-dlc/crypto",
			"version": "0.26.1",
			"extraneous": true,
			"license": "MIT",
			"dependencies": {
				"secp256k1": "^4.0.2"
			},
			"devDependencies": {
				"@types/secp256k1": "^4.0.1"
			},
			"engines": {
				"node": ">=10.17"
			}
		},
		"node_modules/@types/node": {
			"version": "18.11.9",
			"resolved": "https://registry.npmjs.org/@types/node/-/node-18.11.9.tgz",
			"integrity": "sha512-CRpX21/kGdzjOpFsZSkcrXMGIBWMGNIHXXBVFSH+ggkftxg+XYP20TESbh+zFvFj3EQOl5byk0HTRn1IL6hbqg==",
			"dev": true
		}
	}
}
