{
  "name": "@node-dlc/bitcoin",
  "version": "0.24.1",
  "lockfileVersion": 3,
  "requires": true,
  "packages": {
    "": {
      "name": "@node-dlc/bitcoin",
      "version": "0.24.1",
      "license": "MIT",
      "dependencies": {
        "@node-dlc/bufio": "^0.24.1",
        "@node-dlc/crypto": "^0.24.1",
        "decimal.js": "^10.5.0"
      }
    },
    "../bufio": {
      "name": "@node-dlc/bufio",
      "version": "0.24.1",
      "license": "MIT"
    },
    "../crypto": {
      "name": "@node-dlc/crypto",
      "version": "0.24.1",
      "license": "MIT",
      "dependencies": {
        "secp256k1": "^4.0.2"
      },
      "devDependencies": {
        "@types/secp256k1": "^4.0.1"
      },
      "engines": {
        "node": ">=10.17"
      }
    },
    "../crypto/node_modules/@types/node": {
      "version": "22.15.29",
      "dev": true,
      "license": "MIT",
      "dependencies": {
        "undici-types": "~6.21.0"
      }
    },
    "../crypto/node_modules/@types/secp256k1": {
      "version": "4.0.6",
      "dev": true,
      "license": "MIT",
      "dependencies": {
        "@types/node": "*"
      }
    },
    "../crypto/node_modules/bn.js": {
      "version": "4.12.2",
      "license": "MIT"
    },
    "../crypto/node_modules/brorand": {
      "version": "1.1.0",
      "license": "MIT"
    },
    "../crypto/node_modules/elliptic": {
      "version": "6.6.1",
      "license": "MIT",
      "dependencies": {
        "bn.js": "^4.11.9",
        "brorand": "^1.1.0",
        "hash.js": "^1.0.0",
        "hmac-drbg": "^1.0.1",
        "inherits": "^2.0.4",
        "minimalistic-assert": "^1.0.1",
        "minimalistic-crypto-utils": "^1.0.1"
      }
    },
    "../crypto/node_modules/hash.js": {
      "version": "1.1.7",
      "license": "MIT",
      "dependencies": {
        "inherits": "^2.0.3",
        "minimalistic-assert": "^1.0.1"
      }
    },
    "../crypto/node_modules/hmac-drbg": {
      "version": "1.0.1",
      "license": "MIT",
      "dependencies": {
        "hash.js": "^1.0.3",
        "minimalistic-assert": "^1.0.0",
        "minimalistic-crypto-utils": "^1.0.1"
      }
    },
    "../crypto/node_modules/inherits": {
      "version": "2.0.4",
      "license": "ISC"
    },
    "../crypto/node_modules/minimalistic-assert": {
      "version": "1.0.1",
      "license": "ISC"
    },
    "../crypto/node_modules/minimalistic-crypto-utils": {
      "version": "1.0.1",
      "license": "MIT"
    },
    "../crypto/node_modules/node-addon-api": {
      "version": "5.1.0",
      "license": "MIT"
    },
    "../crypto/node_modules/node-gyp-build": {
      "version": "4.8.4",
      "license": "MIT",
      "bin": {
        "node-gyp-build": "bin.js",
        "node-gyp-build-optional": "optional.js",
        "node-gyp-build-test": "build-test.js"
      }
    },
    "../crypto/node_modules/secp256k1": {
      "version": "4.0.4",
      "hasInstallScript": true,
      "license": "MIT",
      "dependencies": {
        "elliptic": "^6.5.7",
        "node-addon-api": "^5.0.0",
        "node-gyp-build": "^4.2.0"
      },
      "engines": {
        "node": ">=18.0.0"
      }
    },
    "../crypto/node_modules/undici-types": {
      "version": "6.21.0",
      "dev": true,
      "license": "MIT"
    },
    "node_modules/@node-dlc/bufio": {
      "resolved": "../bufio",
      "link": true
    },
    "node_modules/@node-dlc/crypto": {
      "resolved": "../crypto",
      "link": true
    },
    "node_modules/decimal.js": {
      "version": "10.5.0",
      "resolved": "https://registry.npmjs.org/decimal.js/-/decimal.js-10.5.0.tgz",
      "integrity": "sha512-8vDa8Qxvr/+d94hSh5P3IJwI5t8/c0KsMp+g8bNw9cY2icONa5aPfvKeieW1WlG0WQYwwhJ7mjui2xtiePQSXw=="
    }
  }
}
