{
  "name": "@node-dlc/bufio",
  "version": "0.24.1",
  "lockfileVersion": 3,
  "requires": true,
  "packages": {
    "": {
      "name": "@node-dlc/bufio",
      "version": "0.24.1",
      "license": "MIT",
      "dependencies": {
        "decimal.js": "^10.5.0"
      }
    },
    "node_modules/decimal.js": {
      "version": "10.5.0",
      "resolved": "https://registry.npmjs.org/decimal.js/-/decimal.js-10.5.0.tgz",
      "integrity": "sha512-8vDa8Qxvr/+d94hSh5P3IJwI5t8/c0KsMp+g8bNw9cY2icONa5aPfvKeieW1WlG0WQYwwhJ7mjui2xtiePQSXw=="
    }
  }
}
